
Microsoft Visual Studio Solution File, Format Version 12.00
# Visual Studio Version 17
VisualStudioVersion = 17.7.34024.191
MinimumVisualStudioVersion = 10.0.40219.1
Project("{FAE04EC0-301F-11D3-BF4B-00C04F79EFBC}") = "server", "server\server.csproj", "{4E147FAF-951A-4DF9-B372-414933F50AD2}"
EndProject
Global
	GlobalSection(SolutionConfigurationPlatforms) = preSolution
		Debug|Any CPU = Debug|Any CPU
		Release|Any CPU = Release|Any CPU
	EndGlobalSection
	GlobalSection(ProjectConfigurationPlatforms) = postSolution
		{4E147FAF-951A-4DF9-B372-414933F50AD2}.Debug|Any CPU.ActiveCfg = Debug|Any CPU
		{4E147FAF-951A-4DF9-B372-414933F50AD2}.Debug|Any CPU.Build.0 = Debug|Any CPU
		{4E147FAF-951A-4DF9-B372-414933F50AD2}.Release|Any CPU.ActiveCfg = Release|Any CPU
		{4E147FAF-951A-4DF9-B372-414933F50AD2}.Release|Any CPU.Build.0 = Release|Any CPU
	EndGlobalSection
	GlobalSection(SolutionProperties) = preSolution
		HideSolutionNode = FALSE
	EndGlobalSection
	GlobalSection(ExtensibilityGlobals) = postSolution
		SolutionGuid = {F5F8D403-4A44-408F-8235-45255DF6F718}
	EndGlobalSection
EndGlobal
