
Microsoft Visual Studio Solution File, Format Version 12.00
# Visual Studio Version 17
VisualStudioVersion = 17.7.34024.191
MinimumVisualStudioVersion = 10.0.40219.1
Project("{9A19103F-16F7-4668-BE54-9A1E7A4F7556}") = "client", "cleints\client.csproj", "{4C2ED7D6-1A76-446C-BE31-15145896465D}"
EndProject
Project("{9A19103F-16F7-4668-BE54-9A1E7A4F7556}") = "server", "..\server\server\server.csproj", "{15E35A07-14D8-444B-9FFB-05349A723A64}"
EndProject
Project("{D954291E-2A0B-460D-934E-DC6B0785DB48}") = "common", "Common\common.shproj", "{F0BF53D8-757B-49BA-B932-48709AAFE84A}"
EndProject
Project("{FAE04EC0-301F-11D3-BF4B-00C04F79EFBC}") = "CA", "..\CA\CA.csproj", "{570853F7-D8C0-446D-AEF9-798F6F0BE576}"
EndProject
Global
	GlobalSection(SolutionConfigurationPlatforms) = preSolution
		Debug|Any CPU = Debug|Any CPU
		Release|Any CPU = Release|Any CPU
	EndGlobalSection
	GlobalSection(ProjectConfigurationPlatforms) = postSolution
		{4C2ED7D6-1A76-446C-BE31-15145896465D}.Debug|Any CPU.ActiveCfg = Debug|Any CPU
		{4C2ED7D6-1A76-446C-BE31-15145896465D}.Debug|Any CPU.Build.0 = Debug|Any CPU
		{4C2ED7D6-1A76-446C-BE31-15145896465D}.Release|Any CPU.ActiveCfg = Release|Any CPU
		{4C2ED7D6-1A76-446C-BE31-15145896465D}.Release|Any CPU.Build.0 = Release|Any CPU
		{15E35A07-14D8-444B-9FFB-05349A723A64}.Debug|Any CPU.ActiveCfg = Debug|Any CPU
		{15E35A07-14D8-444B-9FFB-05349A723A64}.Debug|Any CPU.Build.0 = Debug|Any CPU
		{15E35A07-14D8-444B-9FFB-05349A723A64}.Release|Any CPU.ActiveCfg = Release|Any CPU
		{15E35A07-14D8-444B-9FFB-05349A723A64}.Release|Any CPU.Build.0 = Release|Any CPU
		{570853F7-D8C0-446D-AEF9-798F6F0BE576}.Debug|Any CPU.ActiveCfg = Debug|Any CPU
		{570853F7-D8C0-446D-AEF9-798F6F0BE576}.Debug|Any CPU.Build.0 = Debug|Any CPU
		{570853F7-D8C0-446D-AEF9-798F6F0BE576}.Release|Any CPU.ActiveCfg = Release|Any CPU
		{570853F7-D8C0-446D-AEF9-798F6F0BE576}.Release|Any CPU.Build.0 = Release|Any CPU
	EndGlobalSection
	GlobalSection(SolutionProperties) = preSolution
		HideSolutionNode = FALSE
	EndGlobalSection
	GlobalSection(ExtensibilityGlobals) = postSolution
		SolutionGuid = {AEA887E9-EB36-4E1C-9126-5BEB8171C7E4}
	EndGlobalSection
	GlobalSection(SharedMSBuildProjectFiles) = preSolution
		Common\Common.projitems*{15e35a07-14d8-444b-9ffb-05349a723a64}*SharedItemsImports = 5
		Common\Common.projitems*{4c2ed7d6-1a76-446c-be31-15145896465d}*SharedItemsImports = 5
		Common\Common.projitems*{570853f7-d8c0-446d-aef9-798f6f0be576}*SharedItemsImports = 5
		Common\Common.projitems*{f0bf53d8-757b-49ba-b932-48709aafe84a}*SharedItemsImports = 13
	EndGlobalSection
EndGlobal
